
Microsoft Visual Studio Solution File, Format Version 12.00
# Visual Studio Version 17
VisualStudioVersion = 17.7.34221.43
MinimumVisualStudioVersion = 10.0.40219.1
Project("{FAE04EC0-301F-11D3-BF4B-00C04F79EFBC}") = "PhotoModeMod", "PhotoModeMod.csproj", "{B258426E-198D-422B-ADBC-05D14106FEFC}"
EndProject
Global
	GlobalSection(SolutionConfigurationPlatforms) = preSolution
		Debug|Any CPU = Debug|Any CPU
		Release|Any CPU = Release|Any CPU
	EndGlobalSection
	GlobalSection(ProjectConfigurationPlatforms) = postSolution
		{B258426E-198D-422B-ADBC-05D14106FEFC}.Debug|Any CPU.ActiveCfg = Debug|Any CPU
		{B258426E-198D-422B-ADBC-05D14106FEFC}.Debug|Any CPU.Build.0 = Debug|Any CPU
		{B258426E-198D-422B-ADBC-05D14106FEFC}.Release|Any CPU.ActiveCfg = Release|Any CPU
		{B258426E-198D-422B-ADBC-05D14106FEFC}.Release|Any CPU.Build.0 = Release|Any CPU
	EndGlobalSection
	GlobalSection(SolutionProperties) = preSolution
		HideSolutionNode = FALSE
	EndGlobalSection
	GlobalSection(ExtensibilityGlobals) = postSolution
		SolutionGuid = {482A10E2-BD33-4333-85BA-B16199C3D2A4}
	EndGlobalSection
EndGlobal
